
Microsoft Visual Studio Solution File, Format Version 12.00
# Visual Studio 15
VisualStudioVersion = 15.0.26730.16
MinimumVisualStudioVersion = 10.0.40219.1
Project("{FAE04EC0-301F-11D3-BF4B-00C04F79EFBC}") = "Test01", "Test01\Test01.csproj", "{7566B9BB-7484-475D-B5A0-B340D54AD470}"
EndProject
Global
	GlobalSection(SolutionConfigurationPlatforms) = preSolution
		Debug|Any CPU = Debug|Any CPU
		Release|Any CPU = Release|Any CPU
	EndGlobalSection
	GlobalSection(ProjectConfigurationPlatforms) = postSolution
		{7566B9BB-7484-475D-B5A0-B340D54AD470}.Debug|Any CPU.ActiveCfg = Debug|Any CPU
		{7566B9BB-7484-475D-B5A0-B340D54AD470}.Debug|Any CPU.Build.0 = Debug|Any CPU
		{7566B9BB-7484-475D-B5A0-B340D54AD470}.Release|Any CPU.ActiveCfg = Release|Any CPU
		{7566B9BB-7484-475D-B5A0-B340D54AD470}.Release|Any CPU.Build.0 = Release|Any CPU
	EndGlobalSection
	GlobalSection(SolutionProperties) = preSolution
		HideSolutionNode = FALSE
	EndGlobalSection
	GlobalSection(ExtensibilityGlobals) = postSolution
		SolutionGuid = {425CC150-438E-426E-881F-B3838DECD342}
	EndGlobalSection
EndGlobal
